
Microsoft Visual Studio Solution File, Format Version 12.00
# Visual Studio Version 17
VisualStudioVersion = 17.4.33213.308
MinimumVisualStudioVersion = 10.0.40219.1
Project("{9A19103F-16F7-4668-BE54-9A1E7A4F7556}") = "SupFAmof.API", "SupFAmof.API.csproj", "{952ADF45-97A8-415F-BA56-F35ABF8B1118}"
EndProject
Project("{9A19103F-16F7-4668-BE54-9A1E7A4F7556}") = "SupFAmof.Data", "..\SupFAmof.Data\SupFAmof.Data.csproj", "{10A7A2E8-2CFA-4A61-A263-E67F24E9E523}"
EndProject
Project("{9A19103F-16F7-4668-BE54-9A1E7A4F7556}") = "SupFAmof.Service", "..\SupFAmof.Serviec\SupFAmof.Service.csproj", "{BB10AFD6-1D15-450D-AC85-55C0F9EA7002}"
EndProject
Project("{9A19103F-16F7-4668-BE54-9A1E7A4F7556}") = "SupFAmof_Testing", "..\SupFAmof_Testing\SupFAmof_Testing.csproj", "{67B14DB3-BF7A-41DA-B6DA-30BBC57125A0}"
EndProject
Global
	GlobalSection(SolutionConfigurationPlatforms) = preSolution
		Debug|Any CPU = Debug|Any CPU
		Release|Any CPU = Release|Any CPU
	EndGlobalSection
	GlobalSection(ProjectConfigurationPlatforms) = postSolution
		{952ADF45-97A8-415F-BA56-F35ABF8B1118}.Debug|Any CPU.ActiveCfg = Debug|Any CPU
		{952ADF45-97A8-415F-BA56-F35ABF8B1118}.Debug|Any CPU.Build.0 = Debug|Any CPU
		{952ADF45-97A8-415F-BA56-F35ABF8B1118}.Release|Any CPU.ActiveCfg = Release|Any CPU
		{952ADF45-97A8-415F-BA56-F35ABF8B1118}.Release|Any CPU.Build.0 = Release|Any CPU
		{10A7A2E8-2CFA-4A61-A263-E67F24E9E523}.Debug|Any CPU.ActiveCfg = Debug|Any CPU
		{10A7A2E8-2CFA-4A61-A263-E67F24E9E523}.Debug|Any CPU.Build.0 = Debug|Any CPU
		{10A7A2E8-2CFA-4A61-A263-E67F24E9E523}.Release|Any CPU.ActiveCfg = Release|Any CPU
		{10A7A2E8-2CFA-4A61-A263-E67F24E9E523}.Release|Any CPU.Build.0 = Release|Any CPU
		{BB10AFD6-1D15-450D-AC85-55C0F9EA7002}.Debug|Any CPU.ActiveCfg = Debug|Any CPU
		{BB10AFD6-1D15-450D-AC85-55C0F9EA7002}.Debug|Any CPU.Build.0 = Debug|Any CPU
		{BB10AFD6-1D15-450D-AC85-55C0F9EA7002}.Release|Any CPU.ActiveCfg = Release|Any CPU
		{BB10AFD6-1D15-450D-AC85-55C0F9EA7002}.Release|Any CPU.Build.0 = Release|Any CPU
		{67B14DB3-BF7A-41DA-B6DA-30BBC57125A0}.Debug|Any CPU.ActiveCfg = Debug|Any CPU
		{67B14DB3-BF7A-41DA-B6DA-30BBC57125A0}.Debug|Any CPU.Build.0 = Debug|Any CPU
		{67B14DB3-BF7A-41DA-B6DA-30BBC57125A0}.Release|Any CPU.ActiveCfg = Release|Any CPU
		{67B14DB3-BF7A-41DA-B6DA-30BBC57125A0}.Release|Any CPU.Build.0 = Release|Any CPU
	EndGlobalSection
	GlobalSection(SolutionProperties) = preSolution
		HideSolutionNode = FALSE
	EndGlobalSection
	GlobalSection(ExtensibilityGlobals) = postSolution
		SolutionGuid = {AC8733F4-131B-4CAD-B017-4EFAEB47D5FE}
	EndGlobalSection
EndGlobal
